
Microsoft Visual Studio Solution File, Format Version 12.00
# Visual Studio Version 17
VisualStudioVersion = 17.9.34607.119
MinimumVisualStudioVersion = 10.0.40219.1
Project("{9A19103F-16F7-4668-BE54-9A1E7A4F7556}") = "dingtalk-process", "dingtalk-process\dingtalk-process.csproj", "{B4960964-3356-46A9-9012-41408977832F}"
EndProject
Global
	GlobalSection(SolutionConfigurationPlatforms) = preSolution
		Debug|Any CPU = Debug|Any CPU
		Release|Any CPU = Release|Any CPU
	EndGlobalSection
	GlobalSection(ProjectConfigurationPlatforms) = postSolution
		{B4960964-3356-46A9-9012-41408977832F}.Debug|Any CPU.ActiveCfg = Debug|Any CPU
		{B4960964-3356-46A9-9012-41408977832F}.Debug|Any CPU.Build.0 = Debug|Any CPU
		{B4960964-3356-46A9-9012-41408977832F}.Release|Any CPU.ActiveCfg = Release|Any CPU
		{B4960964-3356-46A9-9012-41408977832F}.Release|Any CPU.Build.0 = Release|Any CPU
	EndGlobalSection
	GlobalSection(SolutionProperties) = preSolution
		HideSolutionNode = FALSE
	EndGlobalSection
	GlobalSection(ExtensibilityGlobals) = postSolution
		SolutionGuid = {D35E7BD4-3540-4739-BBC6-35360E51D859}
	EndGlobalSection
EndGlobal
